
Microsoft Visual Studio Solution File, Format Version 12.00
# Visual Studio 14
VisualStudioVersion = 14.0.25123.0
MinimumVisualStudioVersion = 10.0.40219.1
Project("{2150E333-8FDC-42A3-9474-1A3956D46DE8}") = "Solution Items", "Solution Items", "{25160B45-3F11-460E-9804-E703B3947FF9}"
	ProjectSection(SolutionItems) = preProject
		LICENSE = LICENSE
		Scripts\PostBuild.ps1 = Scripts\PostBuild.ps1
		README.md = README.md
	EndProjectSection
EndProject
Project("{D954291E-2A0B-460D-934E-DC6B0785DB48}") = "InfoPath", "InfoPath\InfoPath.shproj", "{4A3A4796-D9E3-407E-A811-9FBCBE532C61}"
EndProject
Project("{FAE04EC0-301F-11D3-BF4B-00C04F79EFBC}") = "InfrastructureAsCode.Powershell.Sample01", "Sample01\InfrastructureAsCode.Powershell.Sample01.csproj", "{50797124-7590-4D91-8331-39D55F1F90A5}"
EndProject
Project("{FAE04EC0-301F-11D3-BF4B-00C04F79EFBC}") = "InfrastructureAsCode.Core", "..\Infrastructure-As-Code\InfrastructureAsCode.Core\InfrastructureAsCode.Core.csproj", "{EA0D6CF4-74A7-4E3C-9BCD-F25B60C7716F}"
EndProject
Project("{FAE04EC0-301F-11D3-BF4B-00C04F79EFBC}") = "InfrastructureAsCode.Powershell", "..\Infrastructure-As-Code\InfrastructureAsCode.Powershell\InfrastructureAsCode.Powershell.csproj", "{20C0FF0D-DEA3-45F8-BC4C-8896C3926265}"
EndProject
Project("{2150E333-8FDC-42A3-9474-1A3956D46DE8}") = "Projects", "Projects", "{DBFE8970-F807-4325-A471-5F3DE07EFD43}"
EndProject
Project("{FAE04EC0-301F-11D3-BF4B-00C04F79EFBC}") = "InfrastructureAsCode.Powershell.Sample02", "Sample02\InfrastructureAsCode.Powershell.Sample02.csproj", "{5B80D494-A68A-427C-A5FF-8682564D08A6}"
EndProject
Global
	GlobalSection(SharedMSBuildProjectFiles) = preSolution
		InfoPath\InfoPath.projitems*{4a3a4796-d9e3-407e-a811-9fbcbe532c61}*SharedItemsImports = 13
	EndGlobalSection
	GlobalSection(SolutionConfigurationPlatforms) = preSolution
		Debug|Any CPU = Debug|Any CPU
		Release|Any CPU = Release|Any CPU
	EndGlobalSection
	GlobalSection(ProjectConfigurationPlatforms) = postSolution
		{50797124-7590-4D91-8331-39D55F1F90A5}.Debug|Any CPU.ActiveCfg = Debug|Any CPU
		{50797124-7590-4D91-8331-39D55F1F90A5}.Debug|Any CPU.Build.0 = Debug|Any CPU
		{50797124-7590-4D91-8331-39D55F1F90A5}.Release|Any CPU.ActiveCfg = Release|Any CPU
		{50797124-7590-4D91-8331-39D55F1F90A5}.Release|Any CPU.Build.0 = Release|Any CPU
		{EA0D6CF4-74A7-4E3C-9BCD-F25B60C7716F}.Debug|Any CPU.ActiveCfg = Debug|Any CPU
		{EA0D6CF4-74A7-4E3C-9BCD-F25B60C7716F}.Debug|Any CPU.Build.0 = Debug|Any CPU
		{EA0D6CF4-74A7-4E3C-9BCD-F25B60C7716F}.Release|Any CPU.ActiveCfg = Release|Any CPU
		{EA0D6CF4-74A7-4E3C-9BCD-F25B60C7716F}.Release|Any CPU.Build.0 = Release|Any CPU
		{20C0FF0D-DEA3-45F8-BC4C-8896C3926265}.Debug|Any CPU.ActiveCfg = Debug|Any CPU
		{20C0FF0D-DEA3-45F8-BC4C-8896C3926265}.Debug|Any CPU.Build.0 = Debug|Any CPU
		{20C0FF0D-DEA3-45F8-BC4C-8896C3926265}.Release|Any CPU.ActiveCfg = Release|Any CPU
		{20C0FF0D-DEA3-45F8-BC4C-8896C3926265}.Release|Any CPU.Build.0 = Release|Any CPU
		{5B80D494-A68A-427C-A5FF-8682564D08A6}.Debug|Any CPU.ActiveCfg = Debug|Any CPU
		{5B80D494-A68A-427C-A5FF-8682564D08A6}.Debug|Any CPU.Build.0 = Debug|Any CPU
		{5B80D494-A68A-427C-A5FF-8682564D08A6}.Release|Any CPU.ActiveCfg = Release|Any CPU
		{5B80D494-A68A-427C-A5FF-8682564D08A6}.Release|Any CPU.Build.0 = Release|Any CPU
	EndGlobalSection
	GlobalSection(SolutionProperties) = preSolution
		HideSolutionNode = FALSE
	EndGlobalSection
	GlobalSection(NestedProjects) = preSolution
		{EA0D6CF4-74A7-4E3C-9BCD-F25B60C7716F} = {DBFE8970-F807-4325-A471-5F3DE07EFD43}
		{20C0FF0D-DEA3-45F8-BC4C-8896C3926265} = {DBFE8970-F807-4325-A471-5F3DE07EFD43}
	EndGlobalSection
EndGlobal
